// !$*UTF8*$!
{
	archiveVersion = 1;
	classes = {
	};
	objectVersion = 56;
	objects = {

/* Begin PBXBuildFile section */
		7D1041BB29717A0B00D730B6 /* GymSportInfo.swift in Sources */ = {isa = PBXBuildFile; fileRef = 7D1041BA29717A0A00D730B6 /* GymSportInfo.swift */; };
		7D1041BD2971BB4C00D730B6 /* Style.swift in Sources */ = {isa = PBXBuildFile; fileRef = 7D1041BC2971BB4C00D730B6 /* Style.swift */; };
		7D1DC4632961BC7F000CCF1F /* HomePageView.swift in Sources */ = {isa = PBXBuildFile; fileRef = 7D1DC4622961BC7F000CCF1F /* HomePageView.swift */; };
		7D1DC4682961C5C6000CCF1F /* nearBySportsClupPart.swift in Sources */ = {isa = PBXBuildFile; fileRef = 7D1DC4672961C5C6000CCF1F /* nearBySportsClupPart.swift */; };
		7D1DC46A2961CAE7000CCF1F /* bestCoachPart.swift in Sources */ = {isa = PBXBuildFile; fileRef = 7D1DC4692961CAE7000CCF1F /* bestCoachPart.swift */; };
		7D494BD7296F1CA300D2282C /* ChooseMapPinDesign.swift in Sources */ = {isa = PBXBuildFile; fileRef = 7D494BD6296F1CA300D2282C /* ChooseMapPinDesign.swift */; };
		7D494BDA296F613D00D2282C /* ExtensionView.swift in Sources */ = {isa = PBXBuildFile; fileRef = 7D494BD9296F613C00D2282C /* ExtensionView.swift */; };
		7D4C9CC0296343B3005C23A6 /* NearBySportsClubsView.swift in Sources */ = {isa = PBXBuildFile; fileRef = 7D4C9CBF296343B3005C23A6 /* NearBySportsClubsView.swift */; };
		7D4C9CC3296352DF005C23A6 /* NearBySportsClubPartOnToMap.swift in Sources */ = {isa = PBXBuildFile; fileRef = 7D4C9CC2296352DF005C23A6 /* NearBySportsClubPartOnToMap.swift */; };
		7D4C9CC629635DB8005C23A6 /* UIScreen.swift in Sources */ = {isa = PBXBuildFile; fileRef = 7D4C9CC529635DB8005C23A6 /* UIScreen.swift */; };
		7D4C9CC9296367F8005C23A6 /* GymLocaiton.swift in Sources */ = {isa = PBXBuildFile; fileRef = 7D4C9CC8296367F8005C23A6 /* GymLocaiton.swift */; };
		7D4C9CCB29636EEF005C23A6 /* NearGYMClupMapImage.swift in Sources */ = {isa = PBXBuildFile; fileRef = 7D4C9CCA29636EEF005C23A6 /* NearGYMClupMapImage.swift */; };
		7D5151392966EABE00B9EFD7 /* GymClub.swift in Sources */ = {isa = PBXBuildFile; fileRef = 7D5151382966EABE00B9EFD7 /* GymClub.swift */; };
		7D51513C2966EB8200B9EFD7 /* Coach.swift in Sources */ = {isa = PBXBuildFile; fileRef = 7D51513B2966EB8200B9EFD7 /* Coach.swift */; };
		7D6EE37729609C9900C24D84 /* SportsClubAppApp.swift in Sources */ = {isa = PBXBuildFile; fileRef = 7D6EE37629609C9900C24D84 /* SportsClubAppApp.swift */; };
		7D6EE37B29609C9B00C24D84 /* Assets.xcassets in Resources */ = {isa = PBXBuildFile; fileRef = 7D6EE37A29609C9B00C24D84 /* Assets.xcassets */; };
		7D6EE37E29609C9B00C24D84 /* Preview Assets.xcassets in Resources */ = {isa = PBXBuildFile; fileRef = 7D6EE37D29609C9B00C24D84 /* Preview Assets.xcassets */; };
		7D6EE38829609C9B00C24D84 /* SportsClubAppTests.swift in Sources */ = {isa = PBXBuildFile; fileRef = 7D6EE38729609C9B00C24D84 /* SportsClubAppTests.swift */; };
		7D6EE39229609C9B00C24D84 /* SportsClubAppUITests.swift in Sources */ = {isa = PBXBuildFile; fileRef = 7D6EE39129609C9B00C24D84 /* SportsClubAppUITests.swift */; };
		7D6EE39429609C9B00C24D84 /* SportsClubAppUITestsLaunchTests.swift in Sources */ = {isa = PBXBuildFile; fileRef = 7D6EE39329609C9B00C24D84 /* SportsClubAppUITestsLaunchTests.swift */; };
		7D6EE3A32960A6D500C24D84 /* StartPageView.swift in Sources */ = {isa = PBXBuildFile; fileRef = 7D6EE3A22960A6D500C24D84 /* StartPageView.swift */; };
		7D6EE3AB2960C79C00C24D84 /* LoginPageView.swift in Sources */ = {isa = PBXBuildFile; fileRef = 7D6EE3AA2960C79C00C24D84 /* LoginPageView.swift */; };
		7D6EE3B02960E0CF00C24D84 /* CreatePageView.swift in Sources */ = {isa = PBXBuildFile; fileRef = 7D6EE3AF2960E0CF00C24D84 /* CreatePageView.swift */; };
		7D9192EE296EDBEB003BD29F /* ChoseGymMapLocation.swift in Sources */ = {isa = PBXBuildFile; fileRef = 7D9192ED296EDBEB003BD29F /* ChoseGymMapLocation.swift */; };
		7DA786442965864A00F1F1E8 /* ProfilView.swift in Sources */ = {isa = PBXBuildFile; fileRef = 7DA786432965864A00F1F1E8 /* ProfilView.swift */; };
		7DC2B323296604D600D56FAD /* LikesPage.swift in Sources */ = {isa = PBXBuildFile; fileRef = 7DC2B322296604D600D56FAD /* LikesPage.swift */; };
		7DC2B3272966052D00D56FAD /* EditPageView.swift in Sources */ = {isa = PBXBuildFile; fileRef = 7DC2B3262966052D00D56FAD /* EditPageView.swift */; };
		7DC2B329296608F600D56FAD /* ChangePassword.swift in Sources */ = {isa = PBXBuildFile; fileRef = 7DC2B328296608F600D56FAD /* ChangePassword.swift */; };
		7DC2B32C29660B6A00D56FAD /* CreateGymClubsView.swift in Sources */ = {isa = PBXBuildFile; fileRef = 7DC2B32B29660B6A00D56FAD /* CreateGymClubsView.swift */; };
		7DC2B32F29660B8F00D56FAD /* CreateCoachView.swift in Sources */ = {isa = PBXBuildFile; fileRef = 7DC2B32E29660B8F00D56FAD /* CreateCoachView.swift */; };
		7DD7A4FC2964483D00854466 /* ClubDetailsView.swift in Sources */ = {isa = PBXBuildFile; fileRef = 7DD7A4FB2964483D00854466 /* ClubDetailsView.swift */; };
		7DD7A4FF29644E6100854466 /* GymImageAndNameInfo.swift in Sources */ = {isa = PBXBuildFile; fileRef = 7DD7A4FE29644E6100854466 /* GymImageAndNameInfo.swift */; };
		7DD7A50229645EEE00854466 /* CoachDetailView.swift in Sources */ = {isa = PBXBuildFile; fileRef = 7DD7A50129645EEE00854466 /* CoachDetailView.swift */; };
		7DD7A50529649B6B00854466 /* Design.swift in Sources */ = {isa = PBXBuildFile; fileRef = 7DD7A50429649B6B00854466 /* Design.swift */; };
		7DD7A5092964AB6400854466 /* NearByGymClubsListView.swift in Sources */ = {isa = PBXBuildFile; fileRef = 7DD7A5082964AB6400854466 /* NearByGymClubsListView.swift */; };
		7DD7A50D2964B05F00854466 /* NearByGymClubListDesign.swift in Sources */ = {isa = PBXBuildFile; fileRef = 7DD7A50C2964B05F00854466 /* NearByGymClubListDesign.swift */; };
		7DD7A50F2964B63400854466 /* CategoryDesign.swift in Sources */ = {isa = PBXBuildFile; fileRef = 7DD7A50E2964B63400854466 /* CategoryDesign.swift */; };
		7DD7A5112964B77700854466 /* Category.swift in Sources */ = {isa = PBXBuildFile; fileRef = 7DD7A5102964B77700854466 /* Category.swift */; };
		7DD7A51C2964BF5300854466 /* CoachListDesign.swift in Sources */ = {isa = PBXBuildFile; fileRef = 7DD7A51B2964BF5300854466 /* CoachListDesign.swift */; };
		7DD7A51E2964C16900854466 /* CoachAllView.swift in Sources */ = {isa = PBXBuildFile; fileRef = 7DD7A51D2964C16900854466 /* CoachAllView.swift */; };
/* End PBXBuildFile section */

/* Begin PBXContainerItemProxy section */
		7D6EE38429609C9B00C24D84 /* PBXContainerItemProxy */ = {
			isa = PBXContainerItemProxy;
			containerPortal = 7D6EE36B29609C9900C24D84 /* Project object */;
			proxyType = 1;
			remoteGlobalIDString = 7D6EE37229609C9900C24D84;
			remoteInfo = SportsClubApp;
		};
		7D6EE38E29609C9B00C24D84 /* PBXContainerItemProxy */ = {
			isa = PBXContainerItemProxy;
			containerPortal = 7D6EE36B29609C9900C24D84 /* Project object */;
			proxyType = 1;
			remoteGlobalIDString = 7D6EE37229609C9900C24D84;
			remoteInfo = SportsClubApp;
		};
/* End PBXContainerItemProxy section */

/* Begin PBXFileReference section */
		7D1041BA29717A0A00D730B6 /* GymSportInfo.swift */ = {isa = PBXFileReference; lastKnownFileType = sourcecode.swift; path = GymSportInfo.swift; sourceTree = "<group>"; };
		7D1041BC2971BB4C00D730B6 /* Style.swift */ = {isa = PBXFileReference; lastKnownFileType = sourcecode.swift; path = Style.swift; sourceTree = "<group>"; };
		7D1DC4622961BC7F000CCF1F /* HomePageView.swift */ = {isa = PBXFileReference; lastKnownFileType = sourcecode.swift; path = HomePageView.swift; sourceTree = "<group>"; };
		7D1DC4672961C5C6000CCF1F /* nearBySportsClupPart.swift */ = {isa = PBXFileReference; lastKnownFileType = sourcecode.swift; path = nearBySportsClupPart.swift; sourceTree = "<group>"; };
		7D1DC4692961CAE7000CCF1F /* bestCoachPart.swift */ = {isa = PBXFileReference; lastKnownFileType = sourcecode.swift; path = bestCoachPart.swift; sourceTree = "<group>"; };
		7D494BD6296F1CA300D2282C /* ChooseMapPinDesign.swift */ = {isa = PBXFileReference; lastKnownFileType = sourcecode.swift; path = ChooseMapPinDesign.swift; sourceTree = "<group>"; };
		7D494BD9296F613C00D2282C /* ExtensionView.swift */ = {isa = PBXFileReference; lastKnownFileType = sourcecode.swift; path = ExtensionView.swift; sourceTree = "<group>"; };
		7D4C9CBF296343B3005C23A6 /* NearBySportsClubsView.swift */ = {isa = PBXFileReference; lastKnownFileType = sourcecode.swift; path = NearBySportsClubsView.swift; sourceTree = "<group>"; };
		7D4C9CC2296352DF005C23A6 /* NearBySportsClubPartOnToMap.swift */ = {isa = PBXFileReference; lastKnownFileType = sourcecode.swift; path = NearBySportsClubPartOnToMap.swift; sourceTree = "<group>"; };
		7D4C9CC529635DB8005C23A6 /* UIScreen.swift */ = {isa = PBXFileReference; lastKnownFileType = sourcecode.swift; path = UIScreen.swift; sourceTree = "<group>"; };
		7D4C9CC8296367F8005C23A6 /* GymLocaiton.swift */ = {isa = PBXFileReference; lastKnownFileType = sourcecode.swift; path = GymLocaiton.swift; sourceTree = "<group>"; };
		7D4C9CCA29636EEF005C23A6 /* NearGYMClupMapImage.swift */ = {isa = PBXFileReference; lastKnownFileType = sourcecode.swift; path = NearGYMClupMapImage.swift; sourceTree = "<group>"; };
		7D5151382966EABE00B9EFD7 /* GymClub.swift */ = {isa = PBXFileReference; lastKnownFileType = sourcecode.swift; path = GymClub.swift; sourceTree = "<group>"; };
		7D51513B2966EB8200B9EFD7 /* Coach.swift */ = {isa = PBXFileReference; lastKnownFileType = sourcecode.swift; path = Coach.swift; sourceTree = "<group>"; };
		7D6EE37329609C9900C24D84 /* SportsClubApp.app */ = {isa = PBXFileReference; explicitFileType = wrapper.application; includeInIndex = 0; path = SportsClubApp.app; sourceTree = BUILT_PRODUCTS_DIR; };
		7D6EE37629609C9900C24D84 /* SportsClubAppApp.swift */ = {isa = PBXFileReference; lastKnownFileType = sourcecode.swift; path = SportsClubAppApp.swift; sourceTree = "<group>"; };
		7D6EE37A29609C9B00C24D84 /* Assets.xcassets */ = {isa = PBXFileReference; lastKnownFileType = folder.assetcatalog; path = Assets.xcassets; sourceTree = "<group>"; };
		7D6EE37D29609C9B00C24D84 /* Preview Assets.xcassets */ = {isa = PBXFileReference; lastKnownFileType = folder.assetcatalog; path = "Preview Assets.xcassets"; sourceTree = "<group>"; };
		7D6EE38329609C9B00C24D84 /* SportsClubAppTests.xctest */ = {isa = PBXFileReference; explicitFileType = wrapper.cfbundle; includeInIndex = 0; path = SportsClubAppTests.xctest; sourceTree = BUILT_PRODUCTS_DIR; };
		7D6EE38729609C9B00C24D84 /* SportsClubAppTests.swift */ = {isa = PBXFileReference; lastKnownFileType = sourcecode.swift; path = SportsClubAppTests.swift; sourceTree = "<group>"; };
		7D6EE38D29609C9B00C24D84 /* SportsClubAppUITests.xctest */ = {isa = PBXFileReference; explicitFileType = wrapper.cfbundle; includeInIndex = 0; path = SportsClubAppUITests.xctest; sourceTree = BUILT_PRODUCTS_DIR; };
		7D6EE39129609C9B00C24D84 /* SportsClubAppUITests.swift */ = {isa = PBXFileReference; lastKnownFileType = sourcecode.swift; path = SportsClubAppUITests.swift; sourceTree = "<group>"; };
		7D6EE39329609C9B00C24D84 /* SportsClubAppUITestsLaunchTests.swift */ = {isa = PBXFileReference; lastKnownFileType = sourcecode.swift; path = SportsClubAppUITestsLaunchTests.swift; sourceTree = "<group>"; };
		7D6EE3A22960A6D500C24D84 /* StartPageView.swift */ = {isa = PBXFileReference; lastKnownFileType = sourcecode.swift; path = StartPageView.swift; sourceTree = "<group>"; };
		7D6EE3AA2960C79C00C24D84 /* LoginPageView.swift */ = {isa = PBXFileReference; lastKnownFileType = sourcecode.swift; path = LoginPageView.swift; sourceTree = "<group>"; };
		7D6EE3AF2960E0CF00C24D84 /* CreatePageView.swift */ = {isa = PBXFileReference; lastKnownFileType = sourcecode.swift; path = CreatePageView.swift; sourceTree = "<group>"; };
		7D9192ED296EDBEB003BD29F /* ChoseGymMapLocation.swift */ = {isa = PBXFileReference; lastKnownFileType = sourcecode.swift; path = ChoseGymMapLocation.swift; sourceTree = "<group>"; };
		7DA786432965864A00F1F1E8 /* ProfilView.swift */ = {isa = PBXFileReference; lastKnownFileType = sourcecode.swift; path = ProfilView.swift; sourceTree = "<group>"; };
		7DC2B322296604D600D56FAD /* LikesPage.swift */ = {isa = PBXFileReference; lastKnownFileType = sourcecode.swift; path = LikesPage.swift; sourceTree = "<group>"; };
		7DC2B3262966052D00D56FAD /* EditPageView.swift */ = {isa = PBXFileReference; lastKnownFileType = sourcecode.swift; path = EditPageView.swift; sourceTree = "<group>"; };
		7DC2B328296608F600D56FAD /* ChangePassword.swift */ = {isa = PBXFileReference; lastKnownFileType = sourcecode.swift; path = ChangePassword.swift; sourceTree = "<group>"; };
		7DC2B32B29660B6A00D56FAD /* CreateGymClubsView.swift */ = {isa = PBXFileReference; lastKnownFileType = sourcecode.swift; path = CreateGymClubsView.swift; sourceTree = "<group>"; };
		7DC2B32E29660B8F00D56FAD /* CreateCoachView.swift */ = {isa = PBXFileReference; lastKnownFileType = sourcecode.swift; path = CreateCoachView.swift; sourceTree = "<group>"; };
		7DD7A4FB2964483D00854466 /* ClubDetailsView.swift */ = {isa = PBXFileReference; lastKnownFileType = sourcecode.swift; path = ClubDetailsView.swift; sourceTree = "<group>"; };
		7DD7A4FE29644E6100854466 /* GymImageAndNameInfo.swift */ = {isa = PBXFileReference; lastKnownFileType = sourcecode.swift; path = GymImageAndNameInfo.swift; sourceTree = "<group>"; };
		7DD7A50129645EEE00854466 /* CoachDetailView.swift */ = {isa = PBXFileReference; lastKnownFileType = sourcecode.swift; path = CoachDetailView.swift; sourceTree = "<group>"; };
		7DD7A50429649B6B00854466 /* Design.swift */ = {isa = PBXFileReference; lastKnownFileType = sourcecode.swift; path = Design.swift; sourceTree = "<group>"; };
		7DD7A5082964AB6400854466 /* NearByGymClubsListView.swift */ = {isa = PBXFileReference; lastKnownFileType = sourcecode.swift; path = NearByGymClubsListView.swift; sourceTree = "<group>"; };
		7DD7A50C2964B05F00854466 /* NearByGymClubListDesign.swift */ = {isa = PBXFileReference; lastKnownFileType = sourcecode.swift; path = NearByGymClubListDesign.swift; sourceTree = "<group>"; };
		7DD7A50E2964B63400854466 /* CategoryDesign.swift */ = {isa = PBXFileReference; lastKnownFileType = sourcecode.swift; path = CategoryDesign.swift; sourceTree = "<group>"; };
		7DD7A5102964B77700854466 /* Category.swift */ = {isa = PBXFileReference; lastKnownFileType = sourcecode.swift; path = Category.swift; sourceTree = "<group>"; };
		7DD7A51B2964BF5300854466 /* CoachListDesign.swift */ = {isa = PBXFileReference; lastKnownFileType = sourcecode.swift; path = CoachListDesign.swift; sourceTree = "<group>"; };
		7DD7A51D2964C16900854466 /* CoachAllView.swift */ = {isa = PBXFileReference; lastKnownFileType = sourcecode.swift; path = CoachAllView.swift; sourceTree = "<group>"; };
/* End PBXFileReference section */

/* Begin PBXFrameworksBuildPhase section */
		7D6EE37029609C9900C24D84 /* Frameworks */ = {
			isa = PBXFrameworksBuildPhase;
			buildActionMask = 2147483647;
			files = (
			);
			runOnlyForDeploymentPostprocessing = 0;
		};
		7D6EE38029609C9B00C24D84 /* Frameworks */ = {
			isa = PBXFrameworksBuildPhase;
			buildActionMask = 2147483647;
			files = (
			);
			runOnlyForDeploymentPostprocessing = 0;
		};
		7D6EE38A29609C9B00C24D84 /* Frameworks */ = {
			isa = PBXFrameworksBuildPhase;
			buildActionMask = 2147483647;
			files = (
			);
			runOnlyForDeploymentPostprocessing = 0;
		};
/* End PBXFrameworksBuildPhase section */

/* Begin PBXGroup section */
		7D1041B9297179FB00D730B6 /* model */ = {
			isa = PBXGroup;
			children = (
				7D1041BA29717A0A00D730B6 /* GymSportInfo.swift */,
			);
			path = model;
			sourceTree = "<group>";
		};
		7D1DC4612961BC66000CCF1F /* homePage-model */ = {
			isa = PBXGroup;
			children = (
				7D1DC4642961BF9E000CCF1F /* homePageViewParts */,
				7D1DC4622961BC7F000CCF1F /* HomePageView.swift */,
			);
			path = "homePage-model";
			sourceTree = "<group>";
		};
		7D1DC4642961BF9E000CCF1F /* homePageViewParts */ = {
			isa = PBXGroup;
			children = (
				7D1DC4672961C5C6000CCF1F /* nearBySportsClupPart.swift */,
				7D1DC4692961CAE7000CCF1F /* bestCoachPart.swift */,
			);
			path = homePageViewParts;
			sourceTree = "<group>";
		};
		7D494BD1296F193500D2282C /* view */ = {
			isa = PBXGroup;
			children = (
				7D9192E9296D9F76003BD29F /* parts */,
				7DC2B32B29660B6A00D56FAD /* CreateGymClubsView.swift */,
			);
			path = view;
			sourceTree = "<group>";
		};
		7D494BD8296F612B00D2282C /* extension */ = {
			isa = PBXGroup;
			children = (
				7D494BD9296F613C00D2282C /* ExtensionView.swift */,
			);
			path = extension;
			sourceTree = "<group>";
		};
		7D4C9CBE2963437C005C23A6 /* nearBySportsClubs-model */ = {
			isa = PBXGroup;
			children = (
				7DD7A5072964AB4800854466 /* view */,
				7DD7A5062964AB3C00854466 /* model */,
				7D4C9CC1296352A8005C23A6 /* nearBySportsViewPart */,
			);
			path = "nearBySportsClubs-model";
			sourceTree = "<group>";
		};
		7D4C9CC1296352A8005C23A6 /* nearBySportsViewPart */ = {
			isa = PBXGroup;
			children = (
				7D4C9CC2296352DF005C23A6 /* NearBySportsClubPartOnToMap.swift */,
				7D4C9CCA29636EEF005C23A6 /* NearGYMClupMapImage.swift */,
			);
			path = nearBySportsViewPart;
			sourceTree = "<group>";
		};
		7D4C9CC429635DAB005C23A6 /* Extension */ = {
			isa = PBXGroup;
			children = (
				7D4C9CC529635DB8005C23A6 /* UIScreen.swift */,
			);
			path = Extension;
			sourceTree = "<group>";
		};
		7D5151352966E93E00B9EFD7 /* model */ = {
			isa = PBXGroup;
			children = (
			);
			path = model;
			sourceTree = "<group>";
		};
		7D51513A2966EB6A00B9EFD7 /* model */ = {
			isa = PBXGroup;
			children = (
				7D51513B2966EB8200B9EFD7 /* Coach.swift */,
			);
			path = model;
			sourceTree = "<group>";
		};
		7D6EE36A29609C9900C24D84 = {
			isa = PBXGroup;
			children = (
				7D6EE37529609C9900C24D84 /* SportsClubApp */,
				7D6EE38629609C9B00C24D84 /* SportsClubAppTests */,
				7D6EE39029609C9B00C24D84 /* SportsClubAppUITests */,
				7D6EE37429609C9900C24D84 /* Products */,
			);
			sourceTree = "<group>";
		};
		7D6EE37429609C9900C24D84 /* Products */ = {
			isa = PBXGroup;
			children = (
				7D6EE37329609C9900C24D84 /* SportsClubApp.app */,
				7D6EE38329609C9B00C24D84 /* SportsClubAppTests.xctest */,
				7D6EE38D29609C9B00C24D84 /* SportsClubAppUITests.xctest */,
			);
			name = Products;
			sourceTree = "<group>";
		};
		7D6EE37529609C9900C24D84 /* SportsClubApp */ = {
			isa = PBXGroup;
			children = (
				7DC2B32D29660B7000D56FAD /* createCoach-model */,
				7DC2B32A29660B5200D56FAD /* createGymClubs-model */,
				7D4C9CC429635DAB005C23A6 /* Extension */,
				7D6EE3A42960AA7200C24D84 /* Utils */,
				7D6EE3AE2960E0B800C24D84 /* creatPage-model */,
				7DC2B3252966051800D56FAD /* profilPartView-model */,
				7D6EE3A92960C74D00C24D84 /* loginPage-model */,
				7DA786402965860300F1F1E8 /* profil-model */,
				7DD7A5132964BED700854466 /* gymClubAll-model */,
				7DD7A5122964BEB100854466 /* coachAll-model */,
				7DD7A50029645EDB00854466 /* coachDetail-model */,
				7DD7A4FA2964481F00854466 /* clubDetails-model */,
				7D4C9CBE2963437C005C23A6 /* nearBySportsClubs-model */,
				7D1DC4612961BC66000CCF1F /* homePage-model */,
				7D6EE3A02960A6AC00C24D84 /* startPage-model */,
				7D6EE37A29609C9B00C24D84 /* Assets.xcassets */,
				7D6EE37629609C9900C24D84 /* SportsClubAppApp.swift */,
				7D6EE37C29609C9B00C24D84 /* Preview Content */,
			);
			path = SportsClubApp;
			sourceTree = "<group>";
		};
		7D6EE37C29609C9B00C24D84 /* Preview Content */ = {
			isa = PBXGroup;
			children = (
				7D6EE37D29609C9B00C24D84 /* Preview Assets.xcassets */,
			);
			path = "Preview Content";
			sourceTree = "<group>";
		};
		7D6EE38629609C9B00C24D84 /* SportsClubAppTests */ = {
			isa = PBXGroup;
			children = (
				7D6EE38729609C9B00C24D84 /* SportsClubAppTests.swift */,
			);
			path = SportsClubAppTests;
			sourceTree = "<group>";
		};
		7D6EE39029609C9B00C24D84 /* SportsClubAppUITests */ = {
			isa = PBXGroup;
			children = (
				7D6EE39129609C9B00C24D84 /* SportsClubAppUITests.swift */,
				7D6EE39329609C9B00C24D84 /* SportsClubAppUITestsLaunchTests.swift */,
			);
			path = SportsClubAppUITests;
			sourceTree = "<group>";
		};
		7D6EE3A02960A6AC00C24D84 /* startPage-model */ = {
			isa = PBXGroup;
			children = (
				7D6EE3A22960A6D500C24D84 /* StartPageView.swift */,
			);
			path = "startPage-model";
			sourceTree = "<group>";
		};
		7D6EE3A42960AA7200C24D84 /* Utils */ = {
			isa = PBXGroup;
			children = (
				7DD7A50429649B6B00854466 /* Design.swift */,
				7D1041BC2971BB4C00D730B6 /* Style.swift */,
			);
			path = Utils;
			sourceTree = "<group>";
		};
		7D6EE3A92960C74D00C24D84 /* loginPage-model */ = {
			isa = PBXGroup;
			children = (
				7DDC9E152965B36B000C6F7D /* view */,
			);
			path = "loginPage-model";
			sourceTree = "<group>";
		};
		7D6EE3AE2960E0B800C24D84 /* creatPage-model */ = {
			isa = PBXGroup;
			children = (
				7DC2B31D2965E59D00D56FAD /* gymClubs */,
			);
			path = "creatPage-model";
			sourceTree = "<group>";
		};
		7D9192E8296D9693003BD29F /* view */ = {
			isa = PBXGroup;
			children = (
				7DC2B32E29660B8F00D56FAD /* CreateCoachView.swift */,
			);
			path = view;
			sourceTree = "<group>";
		};
		7D9192E9296D9F76003BD29F /* parts */ = {
			isa = PBXGroup;
			children = (
				7D494BD6296F1CA300D2282C /* ChooseMapPinDesign.swift */,
			);
			path = parts;
			sourceTree = "<group>";
		};
		7D9192EC296EDBD7003BD29F /* model */ = {
			isa = PBXGroup;
			children = (
				7D9192ED296EDBEB003BD29F /* ChoseGymMapLocation.swift */,
			);
			path = model;
			sourceTree = "<group>";
		};
		7DA786402965860300F1F1E8 /* profil-model */ = {
			isa = PBXGroup;
			children = (
				7D5151352966E93E00B9EFD7 /* model */,
				7DA786422965862300F1F1E8 /* view */,
			);
			path = "profil-model";
			sourceTree = "<group>";
		};
		7DA786422965862300F1F1E8 /* view */ = {
			isa = PBXGroup;
			children = (
				7DA786432965864A00F1F1E8 /* ProfilView.swift */,
			);
			path = view;
			sourceTree = "<group>";
		};
		7DC2B31D2965E59D00D56FAD /* gymClubs */ = {
			isa = PBXGroup;
			children = (
				7DC2B31E2965E5A800D56FAD /* view */,
			);
			path = gymClubs;
			sourceTree = "<group>";
		};
		7DC2B31E2965E5A800D56FAD /* view */ = {
			isa = PBXGroup;
			children = (
				7D6EE3AF2960E0CF00C24D84 /* CreatePageView.swift */,
			);
			path = view;
			sourceTree = "<group>";
		};
		7DC2B3252966051800D56FAD /* profilPartView-model */ = {
			isa = PBXGroup;
			children = (
				7DC2B322296604D600D56FAD /* LikesPage.swift */,
				7DC2B3262966052D00D56FAD /* EditPageView.swift */,
				7DC2B328296608F600D56FAD /* ChangePassword.swift */,
			);
			path = "profilPartView-model";
			sourceTree = "<group>";
		};
		7DC2B32A29660B5200D56FAD /* createGymClubs-model */ = {
			isa = PBXGroup;
			children = (
				7D494BD8296F612B00D2282C /* extension */,
				7D494BD1296F193500D2282C /* view */,
				7D9192EC296EDBD7003BD29F /* model */,
			);
			path = "createGymClubs-model";
			sourceTree = "<group>";
		};
		7DC2B32D29660B7000D56FAD /* createCoach-model */ = {
			isa = PBXGroup;
			children = (
				7D9192E8296D9693003BD29F /* view */,
			);
			path = "createCoach-model";
			sourceTree = "<group>";
		};
		7DD7A4FA2964481F00854466 /* clubDetails-model */ = {
			isa = PBXGroup;
			children = (
				7D1041B9297179FB00D730B6 /* model */,
				7DD7A4FD29644E2500854466 /* clubDetailPart */,
				7DD7A4FB2964483D00854466 /* ClubDetailsView.swift */,
			);
			path = "clubDetails-model";
			sourceTree = "<group>";
		};
		7DD7A4FD29644E2500854466 /* clubDetailPart */ = {
			isa = PBXGroup;
			children = (
				7DD7A4FE29644E6100854466 /* GymImageAndNameInfo.swift */,
			);
			path = clubDetailPart;
			sourceTree = "<group>";
		};
		7DD7A50029645EDB00854466 /* coachDetail-model */ = {
			isa = PBXGroup;
			children = (
				7DD7A50129645EEE00854466 /* CoachDetailView.swift */,
			);
			path = "coachDetail-model";
			sourceTree = "<group>";
		};
		7DD7A5062964AB3C00854466 /* model */ = {
			isa = PBXGroup;
			children = (
				7D4C9CC8296367F8005C23A6 /* GymLocaiton.swift */,
			);
			path = model;
			sourceTree = "<group>";
		};
		7DD7A5072964AB4800854466 /* view */ = {
			isa = PBXGroup;
			children = (
				7D4C9CBF296343B3005C23A6 /* NearBySportsClubsView.swift */,
			);
			path = view;
			sourceTree = "<group>";
		};
		7DD7A5122964BEB100854466 /* coachAll-model */ = {
			isa = PBXGroup;
			children = (
				7D51513A2966EB6A00B9EFD7 /* model */,
				7DD7A5172964BF2100854466 /* view */,
			);
			path = "coachAll-model";
			sourceTree = "<group>";
		};
		7DD7A5132964BED700854466 /* gymClubAll-model */ = {
			isa = PBXGroup;
			children = (
				7DD7A5162964BF0E00854466 /* model */,
				7DD7A5142964BF0000854466 /* view */,
			);
			path = "gymClubAll-model";
			sourceTree = "<group>";
		};
		7DD7A5142964BF0000854466 /* view */ = {
			isa = PBXGroup;
			children = (
				7DD7A5082964AB6400854466 /* NearByGymClubsListView.swift */,
				7DD7A5152964BF0700854466 /* parts */,
			);
			path = view;
			sourceTree = "<group>";
		};
		7DD7A5152964BF0700854466 /* parts */ = {
			isa = PBXGroup;
			children = (
				7DD7A50C2964B05F00854466 /* NearByGymClubListDesign.swift */,
				7DD7A50E2964B63400854466 /* CategoryDesign.swift */,
			);
			path = parts;
			sourceTree = "<group>";
		};
		7DD7A5162964BF0E00854466 /* model */ = {
			isa = PBXGroup;
			children = (
				7DD7A5102964B77700854466 /* Category.swift */,
				7D5151382966EABE00B9EFD7 /* GymClub.swift */,
			);
			path = model;
			sourceTree = "<group>";
		};
		7DD7A5172964BF2100854466 /* view */ = {
			isa = PBXGroup;
			children = (
				7DD7A5182964BF2700854466 /* parts */,
				7DD7A51D2964C16900854466 /* CoachAllView.swift */,
			);
			path = view;
			sourceTree = "<group>";
		};
		7DD7A5182964BF2700854466 /* parts */ = {
			isa = PBXGroup;
			children = (
				7DD7A51B2964BF5300854466 /* CoachListDesign.swift */,
			);
			path = parts;
			sourceTree = "<group>";
		};
		7DDC9E152965B36B000C6F7D /* view */ = {
			isa = PBXGroup;
			children = (
				7D6EE3AA2960C79C00C24D84 /* LoginPageView.swift */,
			);
			path = view;
			sourceTree = "<group>";
		};
/* End PBXGroup section */

/* Begin PBXNativeTarget section */
		7D6EE37229609C9900C24D84 /* SportsClubApp */ = {
			isa = PBXNativeTarget;
			buildConfigurationList = 7D6EE39729609C9B00C24D84 /* Build configuration list for PBXNativeTarget "SportsClubApp" */;
			buildPhases = (
				7D6EE36F29609C9900C24D84 /* Sources */,
				7D6EE37029609C9900C24D84 /* Frameworks */,
				7D6EE37129609C9900C24D84 /* Resources */,
			);
			buildRules = (
			);
			dependencies = (
			);
			name = SportsClubApp;
			productName = SportsClubApp;
			productReference = 7D6EE37329609C9900C24D84 /* SportsClubApp.app */;
			productType = "com.apple.product-type.application";
		};
		7D6EE38229609C9B00C24D84 /* SportsClubAppTests */ = {
			isa = PBXNativeTarget;
			buildConfigurationList = 7D6EE39A29609C9B00C24D84 /* Build configuration list for PBXNativeTarget "SportsClubAppTests" */;
			buildPhases = (
				7D6EE37F29609C9B00C24D84 /* Sources */,
				7D6EE38029609C9B00C24D84 /* Frameworks */,
				7D6EE38129609C9B00C24D84 /* Resources */,
			);
			buildRules = (
			);
			dependencies = (
				7D6EE38529609C9B00C24D84 /* PBXTargetDependency */,
			);
			name = SportsClubAppTests;
			productName = SportsClubAppTests;
			productReference = 7D6EE38329609C9B00C24D84 /* SportsClubAppTests.xctest */;
			productType = "com.apple.product-type.bundle.unit-test";
		};
		7D6EE38C29609C9B00C24D84 /* SportsClubAppUITests */ = {
			isa = PBXNativeTarget;
			buildConfigurationList = 7D6EE39D29609C9B00C24D84 /* Build configuration list for PBXNativeTarget "SportsClubAppUITests" */;
			buildPhases = (
				7D6EE38929609C9B00C24D84 /* Sources */,
				7D6EE38A29609C9B00C24D84 /* Frameworks */,
				7D6EE38B29609C9B00C24D84 /* Resources */,
			);
			buildRules = (
			);
			dependencies = (
				7D6EE38F29609C9B00C24D84 /* PBXTargetDependency */,
			);
			name = SportsClubAppUITests;
			productName = SportsClubAppUITests;
			productReference = 7D6EE38D29609C9B00C24D84 /* SportsClubAppUITests.xctest */;
			productType = "com.apple.product-type.bundle.ui-testing";
		};
/* End PBXNativeTarget section */

/* Begin PBXProject section */
		7D6EE36B29609C9900C24D84 /* Project object */ = {
			isa = PBXProject;
			attributes = {
				BuildIndependentTargetsInParallel = 1;
				LastSwiftUpdateCheck = 1400;
				LastUpgradeCheck = 1400;
				TargetAttributes = {
					7D6EE37229609C9900C24D84 = {
						CreatedOnToolsVersion = 14.0.1;
					};
					7D6EE38229609C9B00C24D84 = {
						CreatedOnToolsVersion = 14.0.1;
						TestTargetID = 7D6EE37229609C9900C24D84;
					};
					7D6EE38C29609C9B00C24D84 = {
						CreatedOnToolsVersion = 14.0.1;
						TestTargetID = 7D6EE37229609C9900C24D84;
					};
				};
			};
			buildConfigurationList = 7D6EE36E29609C9900C24D84 /* Build configuration list for PBXProject "SportsClubApp" */;
			compatibilityVersion = "Xcode 14.0";
			developmentRegion = en;
			hasScannedForEncodings = 0;
			knownRegions = (
				en,
				Base,
			);
			mainGroup = 7D6EE36A29609C9900C24D84;
			productRefGroup = 7D6EE37429609C9900C24D84 /* Products */;
			projectDirPath = "";
			projectRoot = "";
			targets = (
				7D6EE37229609C9900C24D84 /* SportsClubApp */,
				7D6EE38229609C9B00C24D84 /* SportsClubAppTests */,
				7D6EE38C29609C9B00C24D84 /* SportsClubAppUITests */,
			);
		};
/* End PBXProject section */

/* Begin PBXResourcesBuildPhase section */
		7D6EE37129609C9900C24D84 /* Resources */ = {
			isa = PBXResourcesBuildPhase;
			buildActionMask = 2147483647;
			files = (
				7D6EE37E29609C9B00C24D84 /* Preview Assets.xcassets in Resources */,
				7D6EE37B29609C9B00C24D84 /* Assets.xcassets in Resources */,
			);
			runOnlyForDeploymentPostprocessing = 0;
		};
		7D6EE38129609C9B00C24D84 /* Resources */ = {
			isa = PBXResourcesBuildPhase;
			buildActionMask = 2147483647;
			files = (
			);
			runOnlyForDeploymentPostprocessing = 0;
		};
		7D6EE38B29609C9B00C24D84 /* Resources */ = {
			isa = PBXResourcesBuildPhase;
			buildActionMask = 2147483647;
			files = (
			);
			runOnlyForDeploymentPostprocessing = 0;
		};
/* End PBXResourcesBuildPhase section */

/* Begin PBXSourcesBuildPhase section */
		7D6EE36F29609C9900C24D84 /* Sources */ = {
			isa = PBXSourcesBuildPhase;
			buildActionMask = 2147483647;
			files = (
				7DD7A50229645EEE00854466 /* CoachDetailView.swift in Sources */,
				7D4C9CC3296352DF005C23A6 /* NearBySportsClubPartOnToMap.swift in Sources */,
				7D1041BB29717A0B00D730B6 /* GymSportInfo.swift in Sources */,
				7DC2B323296604D600D56FAD /* LikesPage.swift in Sources */,
				7D6EE3B02960E0CF00C24D84 /* CreatePageView.swift in Sources */,
				7DC2B329296608F600D56FAD /* ChangePassword.swift in Sources */,
				7D4C9CC9296367F8005C23A6 /* GymLocaiton.swift in Sources */,
				7D9192EE296EDBEB003BD29F /* ChoseGymMapLocation.swift in Sources */,
				7DD7A50529649B6B00854466 /* Design.swift in Sources */,
				7DD7A50D2964B05F00854466 /* NearByGymClubListDesign.swift in Sources */,
				7DD7A4FF29644E6100854466 /* GymImageAndNameInfo.swift in Sources */,
				7D1DC46A2961CAE7000CCF1F /* bestCoachPart.swift in Sources */,
				7D6EE3A32960A6D500C24D84 /* StartPageView.swift in Sources */,
				7D494BD7296F1CA300D2282C /* ChooseMapPinDesign.swift in Sources */,
				7DD7A4FC2964483D00854466 /* ClubDetailsView.swift in Sources */,
				7DA786442965864A00F1F1E8 /* ProfilView.swift in Sources */,
				7D1DC4682961C5C6000CCF1F /* nearBySportsClupPart.swift in Sources */,
				7D1041BD2971BB4C00D730B6 /* Style.swift in Sources */,
				7D4C9CC0296343B3005C23A6 /* NearBySportsClubsView.swift in Sources */,
				7DC2B3272966052D00D56FAD /* EditPageView.swift in Sources */,
				7DD7A50F2964B63400854466 /* CategoryDesign.swift in Sources */,
				7DD7A51E2964C16900854466 /* CoachAllView.swift in Sources */,
				7D6EE37729609C9900C24D84 /* SportsClubAppApp.swift in Sources */,
				7D1DC4632961BC7F000CCF1F /* HomePageView.swift in Sources */,
				7D6EE3AB2960C79C00C24D84 /* LoginPageView.swift in Sources */,
				7DD7A51C2964BF5300854466 /* CoachListDesign.swift in Sources */,
				7D494BDA296F613D00D2282C /* ExtensionView.swift in Sources */,
				7D51513C2966EB8200B9EFD7 /* Coach.swift in Sources */,
				7DD7A5092964AB6400854466 /* NearByGymClubsListView.swift in Sources */,
				7D4C9CCB29636EEF005C23A6 /* NearGYMClupMapImage.swift in Sources */,
				7D5151392966EABE00B9EFD7 /* GymClub.swift in Sources */,
				7DC2B32C29660B6A00D56FAD /* CreateGymClubsView.swift in Sources */,
				7D4C9CC629635DB8005C23A6 /* UIScreen.swift in Sources */,
				7DD7A5112964B77700854466 /* Category.swift in Sources */,
				7DC2B32F29660B8F00D56FAD /* CreateCoachView.swift in Sources */,
			);
			runOnlyForDeploymentPostprocessing = 0;
		};
		7D6EE37F29609C9B00C24D84 /* Sources */ = {
			isa = PBXSourcesBuildPhase;
			buildActionMask = 2147483647;
			files = (
				7D6EE38829609C9B00C24D84 /* SportsClubAppTests.swift in Sources */,
			);
			runOnlyForDeploymentPostprocessing = 0;
		};
		7D6EE38929609C9B00C24D84 /* Sources */ = {
			isa = PBXSourcesBuildPhase;
			buildActionMask = 2147483647;
			files = (
				7D6EE39229609C9B00C24D84 /* SportsClubAppUITests.swift in Sources */,
				7D6EE39429609C9B00C24D84 /* SportsClubAppUITestsLaunchTests.swift in Sources */,
			);
			runOnlyForDeploymentPostprocessing = 0;
		};
/* End PBXSourcesBuildPhase section */

/* Begin PBXTargetDependency section */
		7D6EE38529609C9B00C24D84 /* PBXTargetDependency */ = {
			isa = PBXTargetDependency;
			target = 7D6EE37229609C9900C24D84 /* SportsClubApp */;
			targetProxy = 7D6EE38429609C9B00C24D84 /* PBXContainerItemProxy */;
		};
		7D6EE38F29609C9B00C24D84 /* PBXTargetDependency */ = {
			isa = PBXTargetDependency;
			target = 7D6EE37229609C9900C24D84 /* SportsClubApp */;
			targetProxy = 7D6EE38E29609C9B00C24D84 /* PBXContainerItemProxy */;
		};
/* End PBXTargetDependency section */

/* Begin XCBuildConfiguration section */
		7D6EE39529609C9B00C24D84 /* Debug */ = {
			isa = XCBuildConfiguration;
			buildSettings = {
				ALWAYS_SEARCH_USER_PATHS = NO;
				CLANG_ANALYZER_NONNULL = YES;
				CLANG_ANALYZER_NUMBER_OBJECT_CONVERSION = YES_AGGRESSIVE;
				CLANG_CXX_LANGUAGE_STANDARD = "gnu++20";
				CLANG_ENABLE_MODULES = YES;
				CLANG_ENABLE_OBJC_ARC = YES;
				CLANG_ENABLE_OBJC_WEAK = YES;
				CLANG_WARN_BLOCK_CAPTURE_AUTORELEASING = YES;
				CLANG_WARN_BOOL_CONVERSION = YES;
				CLANG_WARN_COMMA = YES;
				CLANG_WARN_CONSTANT_CONVERSION = YES;
				CLANG_WARN_DEPRECATED_OBJC_IMPLEMENTATIONS = YES;
				CLANG_WARN_DIRECT_OBJC_ISA_USAGE = YES_ERROR;
				CLANG_WARN_DOCUMENTATION_COMMENTS = YES;
				CLANG_WARN_EMPTY_BODY = YES;
				CLANG_WARN_ENUM_CONVERSION = YES;
				CLANG_WARN_INFINITE_RECURSION = YES;
				CLANG_WARN_INT_CONVERSION = YES;
				CLANG_WARN_NON_LITERAL_NULL_CONVERSION = YES;
				CLANG_WARN_OBJC_IMPLICIT_RETAIN_SELF = YES;
				CLANG_WARN_OBJC_LITERAL_CONVERSION = YES;
				CLANG_WARN_OBJC_ROOT_CLASS = YES_ERROR;
				CLANG_WARN_QUOTED_INCLUDE_IN_FRAMEWORK_HEADER = YES;
				CLANG_WARN_RANGE_LOOP_ANALYSIS = YES;
				CLANG_WARN_STRICT_PROTOTYPES = YES;
				CLANG_WARN_SUSPICIOUS_MOVE = YES;
				CLANG_WARN_UNGUARDED_AVAILABILITY = YES_AGGRESSIVE;
				CLANG_WARN_UNREACHABLE_CODE = YES;
				CLANG_WARN__DUPLICATE_METHOD_MATCH = YES;
				COPY_PHASE_STRIP = NO;
				DEBUG_INFORMATION_FORMAT = dwarf;
				ENABLE_STRICT_OBJC_MSGSEND = YES;
				ENABLE_TESTABILITY = YES;
				GCC_C_LANGUAGE_STANDARD = gnu11;
				GCC_DYNAMIC_NO_PIC = NO;
				GCC_NO_COMMON_BLOCKS = YES;
				GCC_OPTIMIZATION_LEVEL = 0;
				GCC_PREPROCESSOR_DEFINITIONS = (
					"DEBUG=1",
					"$(inherited)",
				);
				GCC_WARN_64_TO_32_BIT_CONVERSION = YES;
				GCC_WARN_ABOUT_RETURN_TYPE = YES_ERROR;
				GCC_WARN_UNDECLARED_SELECTOR = YES;
				GCC_WARN_UNINITIALIZED_AUTOS = YES_AGGRESSIVE;
				GCC_WARN_UNUSED_FUNCTION = YES;
				GCC_WARN_UNUSED_VARIABLE = YES;
				IPHONEOS_DEPLOYMENT_TARGET = 16.0;
				MTL_ENABLE_DEBUG_INFO = INCLUDE_SOURCE;
				MTL_FAST_MATH = YES;
				ONLY_ACTIVE_ARCH = YES;
				SDKROOT = iphoneos;
				SWIFT_ACTIVE_COMPILATION_CONDITIONS = DEBUG;
				SWIFT_OPTIMIZATION_LEVEL = "-Onone";
			};
			name = Debug;
		};
		7D6EE39629609C9B00C24D84 /* Release */ = {
			isa = XCBuildConfiguration;
			buildSettings = {
				ALWAYS_SEARCH_USER_PATHS = NO;
				CLANG_ANALYZER_NONNULL = YES;
				CLANG_ANALYZER_NUMBER_OBJECT_CONVERSION = YES_AGGRESSIVE;
				CLANG_CXX_LANGUAGE_STANDARD = "gnu++20";
				CLANG_ENABLE_MODULES = YES;
				CLANG_ENABLE_OBJC_ARC = YES;
				CLANG_ENABLE_OBJC_WEAK = YES;
				CLANG_WARN_BLOCK_CAPTURE_AUTORELEASING = YES;
				CLANG_WARN_BOOL_CONVERSION = YES;
				CLANG_WARN_COMMA = YES;
				CLANG_WARN_CONSTANT_CONVERSION = YES;
				CLANG_WARN_DEPRECATED_OBJC_IMPLEMENTATIONS = YES;
				CLANG_WARN_DIRECT_OBJC_ISA_USAGE = YES_ERROR;
				CLANG_WARN_DOCUMENTATION_COMMENTS = YES;
				CLANG_WARN_EMPTY_BODY = YES;
				CLANG_WARN_ENUM_CONVERSION = YES;
				CLANG_WARN_INFINITE_RECURSION = YES;
				CLANG_WARN_INT_CONVERSION = YES;
				CLANG_WARN_NON_LITERAL_NULL_CONVERSION = YES;
				CLANG_WARN_OBJC_IMPLICIT_RETAIN_SELF = YES;
				CLANG_WARN_OBJC_LITERAL_CONVERSION = YES;
				CLANG_WARN_OBJC_ROOT_CLASS = YES_ERROR;
				CLANG_WARN_QUOTED_INCLUDE_IN_FRAMEWORK_HEADER = YES;
				CLANG_WARN_RANGE_LOOP_ANALYSIS = YES;
				CLANG_WARN_STRICT_PROTOTYPES = YES;
				CLANG_WARN_SUSPICIOUS_MOVE = YES;
				CLANG_WARN_UNGUARDED_AVAILABILITY = YES_AGGRESSIVE;
				CLANG_WARN_UNREACHABLE_CODE = YES;
				CLANG_WARN__DUPLICATE_METHOD_MATCH = YES;
				COPY_PHASE_STRIP = NO;
				DEBUG_INFORMATION_FORMAT = "dwarf-with-dsym";
				ENABLE_NS_ASSERTIONS = NO;
				ENABLE_STRICT_OBJC_MSGSEND = YES;
				GCC_C_LANGUAGE_STANDARD = gnu11;
				GCC_NO_COMMON_BLOCKS = YES;
				GCC_WARN_64_TO_32_BIT_CONVERSION = YES;
				GCC_WARN_ABOUT_RETURN_TYPE = YES_ERROR;
				GCC_WARN_UNDECLARED_SELECTOR = YES;
				GCC_WARN_UNINITIALIZED_AUTOS = YES_AGGRESSIVE;
				GCC_WARN_UNUSED_FUNCTION = YES;
				GCC_WARN_UNUSED_VARIABLE = YES;
				IPHONEOS_DEPLOYMENT_TARGET = 16.0;
				MTL_ENABLE_DEBUG_INFO = NO;
				MTL_FAST_MATH = YES;
				SDKROOT = iphoneos;
				SWIFT_COMPILATION_MODE = wholemodule;
				SWIFT_OPTIMIZATION_LEVEL = "-O";
				VALIDATE_PRODUCT = YES;
			};
			name = Release;
		};
		7D6EE39829609C9B00C24D84 /* Debug */ = {
			isa = XCBuildConfiguration;
			buildSettings = {
				ASSETCATALOG_COMPILER_APPICON_NAME = AppIcon;
				ASSETCATALOG_COMPILER_GLOBAL_ACCENT_COLOR_NAME = AccentColor;
				CODE_SIGN_STYLE = Automatic;
				CURRENT_PROJECT_VERSION = 1;
				DEVELOPMENT_ASSET_PATHS = "\"SportsClubApp/Preview Content\"";
				DEVELOPMENT_TEAM = 34G99QRS57;
				ENABLE_PREVIEWS = YES;
				GENERATE_INFOPLIST_FILE = YES;
				INFOPLIST_KEY_UIApplicationSceneManifest_Generation = YES;
				INFOPLIST_KEY_UIApplicationSupportsIndirectInputEvents = YES;
				INFOPLIST_KEY_UILaunchScreen_Generation = YES;
				INFOPLIST_KEY_UISupportedInterfaceOrientations_iPad = "UIInterfaceOrientationPortrait UIInterfaceOrientationPortraitUpsideDown UIInterfaceOrientationLandscapeLeft UIInterfaceOrientationLandscapeRight";
				INFOPLIST_KEY_UISupportedInterfaceOrientations_iPhone = "UIInterfaceOrientationPortrait UIInterfaceOrientationLandscapeLeft UIInterfaceOrientationLandscapeRight";
				LD_RUNPATH_SEARCH_PATHS = (
					"$(inherited)",
					"@executable_path/Frameworks",
				);
				MARKETING_VERSION = 1.0;
				PRODUCT_BUNDLE_IDENTIFIER = com.engingulek.SportsClubApp;
				PRODUCT_NAME = "$(TARGET_NAME)";
				SWIFT_EMIT_LOC_STRINGS = YES;
				SWIFT_VERSION = 5.0;
				TARGETED_DEVICE_FAMILY = "1,2";
			};
			name = Debug;
		};
		7D6EE39929609C9B00C24D84 /* Release */ = {
			isa = XCBuildConfiguration;
			buildSettings = {
				ASSETCATALOG_COMPILER_APPICON_NAME = AppIcon;
				ASSETCATALOG_COMPILER_GLOBAL_ACCENT_COLOR_NAME = AccentColor;
				CODE_SIGN_STYLE = Automatic;
				CURRENT_PROJECT_VERSION = 1;
				DEVELOPMENT_ASSET_PATHS = "\"SportsClubApp/Preview Content\"";
				DEVELOPMENT_TEAM = 34G99QRS57;
				ENABLE_PREVIEWS = YES;
				GENERATE_INFOPLIST_FILE = YES;
				INFOPLIST_KEY_UIApplicationSceneManifest_Generation = YES;
				INFOPLIST_KEY_UIApplicationSupportsIndirectInputEvents = YES;
				INFOPLIST_KEY_UILaunchScreen_Generation = YES;
				INFOPLIST_KEY_UISupportedInterfaceOrientations_iPad = "UIInterfaceOrientationPortrait UIInterfaceOrientationPortraitUpsideDown UIInterfaceOrientationLandscapeLeft UIInterfaceOrientationLandscapeRight";
				INFOPLIST_KEY_UISupportedInterfaceOrientations_iPhone = "UIInterfaceOrientationPortrait UIInterfaceOrientationLandscapeLeft UIInterfaceOrientationLandscapeRight";
				LD_RUNPATH_SEARCH_PATHS = (
					"$(inherited)",
					"@executable_path/Frameworks",
				);
				MARKETING_VERSION = 1.0;
				PRODUCT_BUNDLE_IDENTIFIER = com.engingulek.SportsClubApp;
				PRODUCT_NAME = "$(TARGET_NAME)";
				SWIFT_EMIT_LOC_STRINGS = YES;
				SWIFT_VERSION = 5.0;
				TARGETED_DEVICE_FAMILY = "1,2";
			};
			name = Release;
		};
		7D6EE39B29609C9B00C24D84 /* Debug */ = {
			isa = XCBuildConfiguration;
			buildSettings = {
				ALWAYS_EMBED_SWIFT_STANDARD_LIBRARIES = YES;
				BUNDLE_LOADER = "$(TEST_HOST)";
				CODE_SIGN_STYLE = Automatic;
				CURRENT_PROJECT_VERSION = 1;
				DEVELOPMENT_TEAM = 34G99QRS57;
				GENERATE_INFOPLIST_FILE = YES;
				IPHONEOS_DEPLOYMENT_TARGET = 16.0;
				MARKETING_VERSION = 1.0;
				PRODUCT_BUNDLE_IDENTIFIER = com.engingulek.SportsClubAppTests;
				PRODUCT_NAME = "$(TARGET_NAME)";
				SWIFT_EMIT_LOC_STRINGS = NO;
				SWIFT_VERSION = 5.0;
				TARGETED_DEVICE_FAMILY = "1,2";
				TEST_HOST = "$(BUILT_PRODUCTS_DIR)/SportsClubApp.app/$(BUNDLE_EXECUTABLE_FOLDER_PATH)/SportsClubApp";
			};
			name = Debug;
		};
		7D6EE39C29609C9B00C24D84 /* Release */ = {
			isa = XCBuildConfiguration;
			buildSettings = {
				ALWAYS_EMBED_SWIFT_STANDARD_LIBRARIES = YES;
				BUNDLE_LOADER = "$(TEST_HOST)";
				CODE_SIGN_STYLE = Automatic;
				CURRENT_PROJECT_VERSION = 1;
				DEVELOPMENT_TEAM = 34G99QRS57;
				GENERATE_INFOPLIST_FILE = YES;
				IPHONEOS_DEPLOYMENT_TARGET = 16.0;
				MARKETING_VERSION = 1.0;
				PRODUCT_BUNDLE_IDENTIFIER = com.engingulek.SportsClubAppTests;
				PRODUCT_NAME = "$(TARGET_NAME)";
				SWIFT_EMIT_LOC_STRINGS = NO;
				SWIFT_VERSION = 5.0;
				TARGETED_DEVICE_FAMILY = "1,2";
				TEST_HOST = "$(BUILT_PRODUCTS_DIR)/SportsClubApp.app/$(BUNDLE_EXECUTABLE_FOLDER_PATH)/SportsClubApp";
			};
			name = Release;
		};
		7D6EE39E29609C9B00C24D84 /* Debug */ = {
			isa = XCBuildConfiguration;
			buildSettings = {
				ALWAYS_EMBED_SWIFT_STANDARD_LIBRARIES = YES;
				CODE_SIGN_STYLE = Automatic;
				CURRENT_PROJECT_VERSION = 1;
				DEVELOPMENT_TEAM = 34G99QRS57;
				GENERATE_INFOPLIST_FILE = YES;
				MARKETING_VERSION = 1.0;
				PRODUCT_BUNDLE_IDENTIFIER = com.engingulek.SportsClubAppUITests;
				PRODUCT_NAME = "$(TARGET_NAME)";
				SWIFT_EMIT_LOC_STRINGS = NO;
				SWIFT_VERSION = 5.0;
				TARGETED_DEVICE_FAMILY = "1,2";
				TEST_TARGET_NAME = SportsClubApp;
			};
			name = Debug;
		};
		7D6EE39F29609C9B00C24D84 /* Release */ = {
			isa = XCBuildConfiguration;
			buildSettings = {
				ALWAYS_EMBED_SWIFT_STANDARD_LIBRARIES = YES;
				CODE_SIGN_STYLE = Automatic;
				CURRENT_PROJECT_VERSION = 1;
				DEVELOPMENT_TEAM = 34G99QRS57;
				GENERATE_INFOPLIST_FILE = YES;
				MARKETING_VERSION = 1.0;
				PRODUCT_BUNDLE_IDENTIFIER = com.engingulek.SportsClubAppUITests;
				PRODUCT_NAME = "$(TARGET_NAME)";
				SWIFT_EMIT_LOC_STRINGS = NO;
				SWIFT_VERSION = 5.0;
				TARGETED_DEVICE_FAMILY = "1,2";
				TEST_TARGET_NAME = SportsClubApp;
			};
			name = Release;
		};
/* End XCBuildConfiguration section */

/* Begin XCConfigurationList section */
		7D6EE36E29609C9900C24D84 /* Build configuration list for PBXProject "SportsClubApp" */ = {
			isa = XCConfigurationList;
			buildConfigurations = (
				7D6EE39529609C9B00C24D84 /* Debug */,
				7D6EE39629609C9B00C24D84 /* Release */,
			);
			defaultConfigurationIsVisible = 0;
			defaultConfigurationName = Release;
		};
		7D6EE39729609C9B00C24D84 /* Build configuration list for PBXNativeTarget "SportsClubApp" */ = {
			isa = XCConfigurationList;
			buildConfigurations = (
				7D6EE39829609C9B00C24D84 /* Debug */,
				7D6EE39929609C9B00C24D84 /* Release */,
			);
			defaultConfigurationIsVisible = 0;
			defaultConfigurationName = Release;
		};
		7D6EE39A29609C9B00C24D84 /* Build configuration list for PBXNativeTarget "SportsClubAppTests" */ = {
			isa = XCConfigurationList;
			buildConfigurations = (
				7D6EE39B29609C9B00C24D84 /* Debug */,
				7D6EE39C29609C9B00C24D84 /* Release */,
			);
			defaultConfigurationIsVisible = 0;
			defaultConfigurationName = Release;
		};
		7D6EE39D29609C9B00C24D84 /* Build configuration list for PBXNativeTarget "SportsClubAppUITests" */ = {
			isa = XCConfigurationList;
			buildConfigurations = (
				7D6EE39E29609C9B00C24D84 /* Debug */,
				7D6EE39F29609C9B00C24D84 /* Release */,
			);
			defaultConfigurationIsVisible = 0;
			defaultConfigurationName = Release;
		};
/* End XCConfigurationList section */
	};
	rootObject = 7D6EE36B29609C9900C24D84 /* Project object */;
}
